// !$*UTF8*$!
{
	archiveVersion = 1;
	classes = {
	};
	objectVersion = 50;
	objects = {

/* Begin PBXBuildFile section */
		8C3973B92526137300558605 /* TutorialController.swift in Sources */ = {isa = PBXBuildFile; fileRef = 8C3973B82526137300558605 /* TutorialController.swift */; };
		8C3973BD25262E8E00558605 /* obs-step-1.png in Resources */ = {isa = PBXBuildFile; fileRef = 8C3973BB25262E8E00558605 /* obs-step-1.png */; };
		8C3973BE25262E8E00558605 /* obs-step-2.png in Resources */ = {isa = PBXBuildFile; fileRef = 8C3973BC25262E8E00558605 /* obs-step-2.png */; };
		8C3973C1252653CF00558605 /* TutorialPages.swift in Sources */ = {isa = PBXBuildFile; fileRef = 8C3973C0252653CF00558605 /* TutorialPages.swift */; };
		8C3973C4252653EC00558605 /* TutorialPage.swift in Sources */ = {isa = PBXBuildFile; fileRef = 8C3973C3252653EC00558605 /* TutorialPage.swift */; };
		8C3973C72526585600558605 /* Extensions.swift in Sources */ = {isa = PBXBuildFile; fileRef = 8C3973C62526585600558605 /* Extensions.swift */; };
		8CAF34BC24B0C6BD00A1F48E /* AppDelegate.swift in Sources */ = {isa = PBXBuildFile; fileRef = 8CAF34BB24B0C6BD00A1F48E /* AppDelegate.swift */; };
		8CAF34BE24B0C6BD00A1F48E /* SceneDelegate.swift in Sources */ = {isa = PBXBuildFile; fileRef = 8CAF34BD24B0C6BD00A1F48E /* SceneDelegate.swift */; };
		8CAF34C024B0C6BD00A1F48E /* ViewController.swift in Sources */ = {isa = PBXBuildFile; fileRef = 8CAF34BF24B0C6BD00A1F48E /* ViewController.swift */; };
		8CAF34C324B0C6BD00A1F48E /* Main.storyboard in Resources */ = {isa = PBXBuildFile; fileRef = 8CAF34C124B0C6BD00A1F48E /* Main.storyboard */; };
		8CAF34C524B0C6BE00A1F48E /* Assets.xcassets in Resources */ = {isa = PBXBuildFile; fileRef = 8CAF34C424B0C6BE00A1F48E /* Assets.xcassets */; };
		8CAF34C824B0C6BE00A1F48E /* LaunchScreen.storyboard in Resources */ = {isa = PBXBuildFile; fileRef = 8CAF34C624B0C6BE00A1F48E /* LaunchScreen.storyboard */; };
/* End PBXBuildFile section */

/* Begin PBXFileReference section */
		8C3973B82526137300558605 /* TutorialController.swift */ = {isa = PBXFileReference; lastKnownFileType = sourcecode.swift; path = TutorialController.swift; sourceTree = "<group>"; };
		8C3973BB25262E8E00558605 /* obs-step-1.png */ = {isa = PBXFileReference; lastKnownFileType = image.png; path = "obs-step-1.png"; sourceTree = "<group>"; };
		8C3973BC25262E8E00558605 /* obs-step-2.png */ = {isa = PBXFileReference; lastKnownFileType = image.png; path = "obs-step-2.png"; sourceTree = "<group>"; };
		8C3973C0252653CF00558605 /* TutorialPages.swift */ = {isa = PBXFileReference; lastKnownFileType = sourcecode.swift; path = TutorialPages.swift; sourceTree = "<group>"; };
		8C3973C3252653EC00558605 /* TutorialPage.swift */ = {isa = PBXFileReference; lastKnownFileType = sourcecode.swift; path = TutorialPage.swift; sourceTree = "<group>"; };
		8C3973C62526585600558605 /* Extensions.swift */ = {isa = PBXFileReference; lastKnownFileType = sourcecode.swift; path = Extensions.swift; sourceTree = "<group>"; };
		8CAF34B824B0C6BD00A1F48E /* OBSCam.app */ = {isa = PBXFileReference; explicitFileType = wrapper.application; includeInIndex = 0; path = OBSCam.app; sourceTree = BUILT_PRODUCTS_DIR; };
		8CAF34BB24B0C6BD00A1F48E /* AppDelegate.swift */ = {isa = PBXFileReference; lastKnownFileType = sourcecode.swift; path = AppDelegate.swift; sourceTree = "<group>"; };
		8CAF34BD24B0C6BD00A1F48E /* SceneDelegate.swift */ = {isa = PBXFileReference; lastKnownFileType = sourcecode.swift; path = SceneDelegate.swift; sourceTree = "<group>"; };
		8CAF34BF24B0C6BD00A1F48E /* ViewController.swift */ = {isa = PBXFileReference; lastKnownFileType = sourcecode.swift; path = ViewController.swift; sourceTree = "<group>"; };
		8CAF34C224B0C6BD00A1F48E /* Base */ = {isa = PBXFileReference; lastKnownFileType = file.storyboard; name = Base; path = Base.lproj/Main.storyboard; sourceTree = "<group>"; };
		8CAF34C424B0C6BE00A1F48E /* Assets.xcassets */ = {isa = PBXFileReference; lastKnownFileType = folder.assetcatalog; path = Assets.xcassets; sourceTree = "<group>"; };
		8CAF34C724B0C6BE00A1F48E /* Base */ = {isa = PBXFileReference; lastKnownFileType = file.storyboard; name = Base; path = Base.lproj/LaunchScreen.storyboard; sourceTree = "<group>"; };
		8CAF34C924B0C6BE00A1F48E /* Info.plist */ = {isa = PBXFileReference; lastKnownFileType = text.plist.xml; path = Info.plist; sourceTree = "<group>"; };
/* End PBXFileReference section */

/* Begin PBXFrameworksBuildPhase section */
		8CAF34B524B0C6BD00A1F48E /* Frameworks */ = {
			isa = PBXFrameworksBuildPhase;
			buildActionMask = 2147483647;
			files = (
			);
			runOnlyForDeploymentPostprocessing = 0;
		};
/* End PBXFrameworksBuildPhase section */

/* Begin PBXGroup section */
		8CAF34AF24B0C6BD00A1F48E = {
			isa = PBXGroup;
			children = (
				8CAF34BA24B0C6BD00A1F48E /* OBSCam */,
				8CAF34B924B0C6BD00A1F48E /* Products */,
			);
			sourceTree = "<group>";
		};
		8CAF34B924B0C6BD00A1F48E /* Products */ = {
			isa = PBXGroup;
			children = (
				8CAF34B824B0C6BD00A1F48E /* OBSCam.app */,
			);
			name = Products;
			sourceTree = "<group>";
		};
		8CAF34BA24B0C6BD00A1F48E /* OBSCam */ = {
			isa = PBXGroup;
			children = (
				8CAF34BB24B0C6BD00A1F48E /* AppDelegate.swift */,
				8CAF34BD24B0C6BD00A1F48E /* SceneDelegate.swift */,
				8CAF34BF24B0C6BD00A1F48E /* ViewController.swift */,
				8C3973B82526137300558605 /* TutorialController.swift */,
				8C3973C0252653CF00558605 /* TutorialPages.swift */,
				8C3973C3252653EC00558605 /* TutorialPage.swift */,
				8C3973C62526585600558605 /* Extensions.swift */,
				8CAF34C124B0C6BD00A1F48E /* Main.storyboard */,
				8CAF34C424B0C6BE00A1F48E /* Assets.xcassets */,
				8CAF34C624B0C6BE00A1F48E /* LaunchScreen.storyboard */,
				8CAF34C924B0C6BE00A1F48E /* Info.plist */,
				8C3973BB25262E8E00558605 /* obs-step-1.png */,
				8C3973BC25262E8E00558605 /* obs-step-2.png */,
			);
			path = OBSCam;
			sourceTree = "<group>";
		};
/* End PBXGroup section */

/* Begin PBXNativeTarget section */
		8CAF34B724B0C6BD00A1F48E /* OBSCam */ = {
			isa = PBXNativeTarget;
			buildConfigurationList = 8CAF34CC24B0C6BE00A1F48E /* Build configuration list for PBXNativeTarget "OBSCam" */;
			buildPhases = (
				8CAF34B424B0C6BD00A1F48E /* Sources */,
				8CAF34B524B0C6BD00A1F48E /* Frameworks */,
				8CAF34B624B0C6BD00A1F48E /* Resources */,
			);
			buildRules = (
			);
			dependencies = (
			);
			name = OBSCam;
			productName = SuperAwesomeCameraForOBS;
			productReference = 8CAF34B824B0C6BD00A1F48E /* OBSCam.app */;
			productType = "com.apple.product-type.application";
		};
/* End PBXNativeTarget section */

/* Begin PBXProject section */
		8CAF34B024B0C6BD00A1F48E /* Project object */ = {
			isa = PBXProject;
			attributes = {
				LastSwiftUpdateCheck = 1130;
				LastUpgradeCheck = 1130;
				ORGANIZATIONNAME = "Davide Toldo";
				TargetAttributes = {
					8CAF34B724B0C6BD00A1F48E = {
						CreatedOnToolsVersion = 11.3.1;
					};
				};
			};
			buildConfigurationList = 8CAF34B324B0C6BD00A1F48E /* Build configuration list for PBXProject "OBSCam" */;
			compatibilityVersion = "Xcode 9.3";
			developmentRegion = en;
			hasScannedForEncodings = 0;
			knownRegions = (
				en,
				Base,
			);
			mainGroup = 8CAF34AF24B0C6BD00A1F48E;
			productRefGroup = 8CAF34B924B0C6BD00A1F48E /* Products */;
			projectDirPath = "";
			projectRoot = "";
			targets = (
				8CAF34B724B0C6BD00A1F48E /* OBSCam */,
			);
		};
/* End PBXProject section */

/* Begin PBXResourcesBuildPhase section */
		8CAF34B624B0C6BD00A1F48E /* Resources */ = {
			isa = PBXResourcesBuildPhase;
			buildActionMask = 2147483647;
			files = (
				8C3973BD25262E8E00558605 /* obs-step-1.png in Resources */,
				8CAF34C824B0C6BE00A1F48E /* LaunchScreen.storyboard in Resources */,
				8C3973BE25262E8E00558605 /* obs-step-2.png in Resources */,
				8CAF34C524B0C6BE00A1F48E /* Assets.xcassets in Resources */,
				8CAF34C324B0C6BD00A1F48E /* Main.storyboard in Resources */,
			);
			runOnlyForDeploymentPostprocessing = 0;
		};
/* End PBXResourcesBuildPhase section */

/* Begin PBXSourcesBuildPhase section */
		8CAF34B424B0C6BD00A1F48E /* Sources */ = {
			isa = PBXSourcesBuildPhase;
			buildActionMask = 2147483647;
			files = (
				8C3973C1252653CF00558605 /* TutorialPages.swift in Sources */,
				8CAF34C024B0C6BD00A1F48E /* ViewController.swift in Sources */,
				8C3973C4252653EC00558605 /* TutorialPage.swift in Sources */,
				8CAF34BC24B0C6BD00A1F48E /* AppDelegate.swift in Sources */,
				8CAF34BE24B0C6BD00A1F48E /* SceneDelegate.swift in Sources */,
				8C3973B92526137300558605 /* TutorialController.swift in Sources */,
				8C3973C72526585600558605 /* Extensions.swift in Sources */,
			);
			runOnlyForDeploymentPostprocessing = 0;
		};
/* End PBXSourcesBuildPhase section */

/* Begin PBXVariantGroup section */
		8CAF34C124B0C6BD00A1F48E /* Main.storyboard */ = {
			isa = PBXVariantGroup;
			children = (
				8CAF34C224B0C6BD00A1F48E /* Base */,
			);
			name = Main.storyboard;
			sourceTree = "<group>";
		};
		8CAF34C624B0C6BE00A1F48E /* LaunchScreen.storyboard */ = {
			isa = PBXVariantGroup;
			children = (
				8CAF34C724B0C6BE00A1F48E /* Base */,
			);
			name = LaunchScreen.storyboard;
			sourceTree = "<group>";
		};
/* End PBXVariantGroup section */

/* Begin XCBuildConfiguration section */
		8CAF34CA24B0C6BE00A1F48E /* Debug */ = {
			isa = XCBuildConfiguration;
			buildSettings = {
				ALWAYS_SEARCH_USER_PATHS = NO;
				CLANG_ANALYZER_NONNULL = YES;
				CLANG_ANALYZER_NUMBER_OBJECT_CONVERSION = YES_AGGRESSIVE;
				CLANG_CXX_LANGUAGE_STANDARD = "gnu++14";
				CLANG_CXX_LIBRARY = "libc++";
				CLANG_ENABLE_MODULES = YES;
				CLANG_ENABLE_OBJC_ARC = YES;
				CLANG_ENABLE_OBJC_WEAK = YES;
				CLANG_WARN_BLOCK_CAPTURE_AUTORELEASING = YES;
				CLANG_WARN_BOOL_CONVERSION = YES;
				CLANG_WARN_COMMA = YES;
				CLANG_WARN_CONSTANT_CONVERSION = YES;
				CLANG_WARN_DEPRECATED_OBJC_IMPLEMENTATIONS = YES;
				CLANG_WARN_DIRECT_OBJC_ISA_USAGE = YES_ERROR;
				CLANG_WARN_DOCUMENTATION_COMMENTS = YES;
				CLANG_WARN_EMPTY_BODY = YES;
				CLANG_WARN_ENUM_CONVERSION = YES;
				CLANG_WARN_INFINITE_RECURSION = YES;
				CLANG_WARN_INT_CONVERSION = YES;
				CLANG_WARN_NON_LITERAL_NULL_CONVERSION = YES;
				CLANG_WARN_OBJC_IMPLICIT_RETAIN_SELF = YES;
				CLANG_WARN_OBJC_LITERAL_CONVERSION = YES;
				CLANG_WARN_OBJC_ROOT_CLASS = YES_ERROR;
				CLANG_WARN_RANGE_LOOP_ANALYSIS = YES;
				CLANG_WARN_STRICT_PROTOTYPES = YES;
				CLANG_WARN_SUSPICIOUS_MOVE = YES;
				CLANG_WARN_UNGUARDED_AVAILABILITY = YES_AGGRESSIVE;
				CLANG_WARN_UNREACHABLE_CODE = YES;
				CLANG_WARN__DUPLICATE_METHOD_MATCH = YES;
				COPY_PHASE_STRIP = NO;
				DEBUG_INFORMATION_FORMAT = dwarf;
				ENABLE_STRICT_OBJC_MSGSEND = YES;
				ENABLE_TESTABILITY = YES;
				GCC_C_LANGUAGE_STANDARD = gnu11;
				GCC_DYNAMIC_NO_PIC = NO;
				GCC_NO_COMMON_BLOCKS = YES;
				GCC_OPTIMIZATION_LEVEL = 0;
				GCC_PREPROCESSOR_DEFINITIONS = (
					"DEBUG=1",
					"$(inherited)",
				);
				GCC_WARN_64_TO_32_BIT_CONVERSION = YES;
				GCC_WARN_ABOUT_RETURN_TYPE = YES_ERROR;
				GCC_WARN_UNDECLARED_SELECTOR = YES;
				GCC_WARN_UNINITIALIZED_AUTOS = YES_AGGRESSIVE;
				GCC_WARN_UNUSED_FUNCTION = YES;
				GCC_WARN_UNUSED_VARIABLE = YES;
				IPHONEOS_DEPLOYMENT_TARGET = 13.2;
				MTL_ENABLE_DEBUG_INFO = INCLUDE_SOURCE;
				MTL_FAST_MATH = YES;
				ONLY_ACTIVE_ARCH = YES;
				SDKROOT = iphoneos;
				SWIFT_ACTIVE_COMPILATION_CONDITIONS = DEBUG;
				SWIFT_OPTIMIZATION_LEVEL = "-Onone";
			};
			name = Debug;
		};
		8CAF34CB24B0C6BE00A1F48E /* Release */ = {
			isa = XCBuildConfiguration;
			buildSettings = {
				ALWAYS_SEARCH_USER_PATHS = NO;
				CLANG_ANALYZER_NONNULL = YES;
				CLANG_ANALYZER_NUMBER_OBJECT_CONVERSION = YES_AGGRESSIVE;
				CLANG_CXX_LANGUAGE_STANDARD = "gnu++14";
				CLANG_CXX_LIBRARY = "libc++";
				CLANG_ENABLE_MODULES = YES;
				CLANG_ENABLE_OBJC_ARC = YES;
				CLANG_ENABLE_OBJC_WEAK = YES;
				CLANG_WARN_BLOCK_CAPTURE_AUTORELEASING = YES;
				CLANG_WARN_BOOL_CONVERSION = YES;
				CLANG_WARN_COMMA = YES;
				CLANG_WARN_CONSTANT_CONVERSION = YES;
				CLANG_WARN_DEPRECATED_OBJC_IMPLEMENTATIONS = YES;
				CLANG_WARN_DIRECT_OBJC_ISA_USAGE = YES_ERROR;
				CLANG_WARN_DOCUMENTATION_COMMENTS = YES;
				CLANG_WARN_EMPTY_BODY = YES;
				CLANG_WARN_ENUM_CONVERSION = YES;
				CLANG_WARN_INFINITE_RECURSION = YES;
				CLANG_WARN_INT_CONVERSION = YES;
				CLANG_WARN_NON_LITERAL_NULL_CONVERSION = YES;
				CLANG_WARN_OBJC_IMPLICIT_RETAIN_SELF = YES;
				CLANG_WARN_OBJC_LITERAL_CONVERSION = YES;
				CLANG_WARN_OBJC_ROOT_CLASS = YES_ERROR;
				CLANG_WARN_RANGE_LOOP_ANALYSIS = YES;
				CLANG_WARN_STRICT_PROTOTYPES = YES;
				CLANG_WARN_SUSPICIOUS_MOVE = YES;
				CLANG_WARN_UNGUARDED_AVAILABILITY = YES_AGGRESSIVE;
				CLANG_WARN_UNREACHABLE_CODE = YES;
				CLANG_WARN__DUPLICATE_METHOD_MATCH = YES;
				COPY_PHASE_STRIP = NO;
				DEBUG_INFORMATION_FORMAT = "dwarf-with-dsym";
				ENABLE_NS_ASSERTIONS = NO;
				ENABLE_STRICT_OBJC_MSGSEND = YES;
				GCC_C_LANGUAGE_STANDARD = gnu11;
				GCC_NO_COMMON_BLOCKS = YES;
				GCC_WARN_64_TO_32_BIT_CONVERSION = YES;
				GCC_WARN_ABOUT_RETURN_TYPE = YES_ERROR;
				GCC_WARN_UNDECLARED_SELECTOR = YES;
				GCC_WARN_UNINITIALIZED_AUTOS = YES_AGGRESSIVE;
				GCC_WARN_UNUSED_FUNCTION = YES;
				GCC_WARN_UNUSED_VARIABLE = YES;
				IPHONEOS_DEPLOYMENT_TARGET = 13.2;
				MTL_ENABLE_DEBUG_INFO = NO;
				MTL_FAST_MATH = YES;
				SDKROOT = iphoneos;
				SWIFT_COMPILATION_MODE = wholemodule;
				SWIFT_OPTIMIZATION_LEVEL = "-O";
				VALIDATE_PRODUCT = YES;
			};
			name = Release;
		};
		8CAF34CD24B0C6BE00A1F48E /* Debug */ = {
			isa = XCBuildConfiguration;
			buildSettings = {
				ASSETCATALOG_COMPILER_APPICON_NAME = AppIcon;
				CODE_SIGN_STYLE = Automatic;
				CURRENT_PROJECT_VERSION = 6;
				DEVELOPMENT_TEAM = 27U966V459;
				INFOPLIST_FILE = OBSCam/Info.plist;
				LD_RUNPATH_SEARCH_PATHS = (
					"$(inherited)",
					"@executable_path/Frameworks",
				);
				PRODUCT_BUNDLE_IDENTIFIER = com.davidetoldo.OBSCam;
				PRODUCT_NAME = "$(TARGET_NAME)";
				SWIFT_VERSION = 5.0;
				TARGETED_DEVICE_FAMILY = "1,2";
			};
			name = Debug;
		};
		8CAF34CE24B0C6BE00A1F48E /* Release */ = {
			isa = XCBuildConfiguration;
			buildSettings = {
				ASSETCATALOG_COMPILER_APPICON_NAME = AppIcon;
				CODE_SIGN_STYLE = Automatic;
				CURRENT_PROJECT_VERSION = 6;
				DEVELOPMENT_TEAM = 27U966V459;
				INFOPLIST_FILE = OBSCam/Info.plist;
				LD_RUNPATH_SEARCH_PATHS = (
					"$(inherited)",
					"@executable_path/Frameworks",
				);
				PRODUCT_BUNDLE_IDENTIFIER = com.davidetoldo.OBSCam;
				PRODUCT_NAME = "$(TARGET_NAME)";
				SWIFT_VERSION = 5.0;
				TARGETED_DEVICE_FAMILY = "1,2";
			};
			name = Release;
		};
/* End XCBuildConfiguration section */

/* Begin XCConfigurationList section */
		8CAF34B324B0C6BD00A1F48E /* Build configuration list for PBXProject "OBSCam" */ = {
			isa = XCConfigurationList;
			buildConfigurations = (
				8CAF34CA24B0C6BE00A1F48E /* Debug */,
				8CAF34CB24B0C6BE00A1F48E /* Release */,
			);
			defaultConfigurationIsVisible = 0;
			defaultConfigurationName = Release;
		};
		8CAF34CC24B0C6BE00A1F48E /* Build configuration list for PBXNativeTarget "OBSCam" */ = {
			isa = XCConfigurationList;
			buildConfigurations = (
				8CAF34CD24B0C6BE00A1F48E /* Debug */,
				8CAF34CE24B0C6BE00A1F48E /* Release */,
			);
			defaultConfigurationIsVisible = 0;
			defaultConfigurationName = Release;
		};
/* End XCConfigurationList section */
	};
	rootObject = 8CAF34B024B0C6BD00A1F48E /* Project object */;
}
